
Microsoft Visual Studio Solution File, Format Version 12.00
# Visual Studio Version 17
VisualStudioVersion = 17.5.002.0
MinimumVisualStudioVersion = 10.0.40219.1
Project("{9A19103F-16F7-4668-BE54-9A1E7A4F7556}") = "Day01", "Day01\Day01.csproj", "{EBB16F18-9C77-4B95-B397-742820B32BBD}"
EndProject
Project("{FAE04EC0-301F-11D3-BF4B-00C04F79EFBC}") = "Day02", "Day02\Day02.csproj", "{9739C186-8372-4056-BF34-F6612C43D85C}"
EndProject
Project("{FAE04EC0-301F-11D3-BF4B-00C04F79EFBC}") = "Day03", "Day03\Day03.csproj", "{C7B062AE-6548-4A8E-94DA-8588921FF4F6}"
EndProject
Project("{FAE04EC0-301F-11D3-BF4B-00C04F79EFBC}") = "Day04", "Day04\Day04.csproj", "{FDC86C9A-7F6A-47D7-8B63-78883A871E19}"
EndProject
Project("{FAE04EC0-301F-11D3-BF4B-00C04F79EFBC}") = "Day05", "Day05\Day05.csproj", "{63FB44A9-0756-4232-AC06-A494023D786C}"
EndProject
Project("{FAE04EC0-301F-11D3-BF4B-00C04F79EFBC}") = "Day06", "Day06\Day06.csproj", "{1DEF8B95-E58C-43C8-94F8-5CB281287DAC}"
EndProject
Project("{FAE04EC0-301F-11D3-BF4B-00C04F79EFBC}") = "Day07", "Day07\Day07.csproj", "{6DCB7690-C106-4589-83D0-842CE2401CA4}"
EndProject
Project("{FAE04EC0-301F-11D3-BF4B-00C04F79EFBC}") = "Day08", "Day08\Day08.csproj", "{18B507EC-ABF1-496E-9910-3FBB5BA99700}"
EndProject
Project("{FAE04EC0-301F-11D3-BF4B-00C04F79EFBC}") = "Day09", "Day09\Day09.csproj", "{9FD33B55-3656-4E49-8484-A82ECF621DA4}"
EndProject
Global
	GlobalSection(SolutionConfigurationPlatforms) = preSolution
		Debug|Any CPU = Debug|Any CPU
		Release|Any CPU = Release|Any CPU
	EndGlobalSection
	GlobalSection(ProjectConfigurationPlatforms) = postSolution
		{EBB16F18-9C77-4B95-B397-742820B32BBD}.Debug|Any CPU.ActiveCfg = Debug|Any CPU
		{EBB16F18-9C77-4B95-B397-742820B32BBD}.Debug|Any CPU.Build.0 = Debug|Any CPU
		{EBB16F18-9C77-4B95-B397-742820B32BBD}.Release|Any CPU.ActiveCfg = Release|Any CPU
		{EBB16F18-9C77-4B95-B397-742820B32BBD}.Release|Any CPU.Build.0 = Release|Any CPU
		{9739C186-8372-4056-BF34-F6612C43D85C}.Debug|Any CPU.ActiveCfg = Debug|Any CPU
		{9739C186-8372-4056-BF34-F6612C43D85C}.Debug|Any CPU.Build.0 = Debug|Any CPU
		{9739C186-8372-4056-BF34-F6612C43D85C}.Release|Any CPU.ActiveCfg = Release|Any CPU
		{9739C186-8372-4056-BF34-F6612C43D85C}.Release|Any CPU.Build.0 = Release|Any CPU
		{C7B062AE-6548-4A8E-94DA-8588921FF4F6}.Debug|Any CPU.ActiveCfg = Debug|Any CPU
		{C7B062AE-6548-4A8E-94DA-8588921FF4F6}.Debug|Any CPU.Build.0 = Debug|Any CPU
		{C7B062AE-6548-4A8E-94DA-8588921FF4F6}.Release|Any CPU.ActiveCfg = Release|Any CPU
		{C7B062AE-6548-4A8E-94DA-8588921FF4F6}.Release|Any CPU.Build.0 = Release|Any CPU
		{FDC86C9A-7F6A-47D7-8B63-78883A871E19}.Debug|Any CPU.ActiveCfg = Debug|Any CPU
		{FDC86C9A-7F6A-47D7-8B63-78883A871E19}.Debug|Any CPU.Build.0 = Debug|Any CPU
		{FDC86C9A-7F6A-47D7-8B63-78883A871E19}.Release|Any CPU.ActiveCfg = Release|Any CPU
		{FDC86C9A-7F6A-47D7-8B63-78883A871E19}.Release|Any CPU.Build.0 = Release|Any CPU
		{63FB44A9-0756-4232-AC06-A494023D786C}.Debug|Any CPU.ActiveCfg = Debug|Any CPU
		{63FB44A9-0756-4232-AC06-A494023D786C}.Debug|Any CPU.Build.0 = Debug|Any CPU
		{63FB44A9-0756-4232-AC06-A494023D786C}.Release|Any CPU.ActiveCfg = Release|Any CPU
		{63FB44A9-0756-4232-AC06-A494023D786C}.Release|Any CPU.Build.0 = Release|Any CPU
		{1DEF8B95-E58C-43C8-94F8-5CB281287DAC}.Debug|Any CPU.ActiveCfg = Debug|Any CPU
		{1DEF8B95-E58C-43C8-94F8-5CB281287DAC}.Debug|Any CPU.Build.0 = Debug|Any CPU
		{1DEF8B95-E58C-43C8-94F8-5CB281287DAC}.Release|Any CPU.ActiveCfg = Release|Any CPU
		{1DEF8B95-E58C-43C8-94F8-5CB281287DAC}.Release|Any CPU.Build.0 = Release|Any CPU
		{6DCB7690-C106-4589-83D0-842CE2401CA4}.Debug|Any CPU.ActiveCfg = Debug|Any CPU
		{6DCB7690-C106-4589-83D0-842CE2401CA4}.Debug|Any CPU.Build.0 = Debug|Any CPU
		{6DCB7690-C106-4589-83D0-842CE2401CA4}.Release|Any CPU.ActiveCfg = Release|Any CPU
		{6DCB7690-C106-4589-83D0-842CE2401CA4}.Release|Any CPU.Build.0 = Release|Any CPU
		{18B507EC-ABF1-496E-9910-3FBB5BA99700}.Debug|Any CPU.ActiveCfg = Debug|Any CPU
		{18B507EC-ABF1-496E-9910-3FBB5BA99700}.Debug|Any CPU.Build.0 = Debug|Any CPU
		{18B507EC-ABF1-496E-9910-3FBB5BA99700}.Release|Any CPU.ActiveCfg = Release|Any CPU
		{18B507EC-ABF1-496E-9910-3FBB5BA99700}.Release|Any CPU.Build.0 = Release|Any CPU
		{9FD33B55-3656-4E49-8484-A82ECF621DA4}.Debug|Any CPU.ActiveCfg = Debug|Any CPU
		{9FD33B55-3656-4E49-8484-A82ECF621DA4}.Debug|Any CPU.Build.0 = Debug|Any CPU
		{9FD33B55-3656-4E49-8484-A82ECF621DA4}.Release|Any CPU.ActiveCfg = Release|Any CPU
		{9FD33B55-3656-4E49-8484-A82ECF621DA4}.Release|Any CPU.Build.0 = Release|Any CPU
	EndGlobalSection
	GlobalSection(SolutionProperties) = preSolution
		HideSolutionNode = FALSE
	EndGlobalSection
	GlobalSection(ExtensibilityGlobals) = postSolution
		SolutionGuid = {4185B4B4-CFA5-47F8-A792-FFEB6DDD9C61}
	EndGlobalSection
EndGlobal
